
Microsoft Visual Studio Solution File, Format Version 12.00
# Visual Studio Version 16
VisualStudioVersion = 16.0.31313.79
MinimumVisualStudioVersion = 10.0.40219.1
Project("{FAE04EC0-301F-11D3-BF4B-00C04F79EFBC}") = "WebApplication2", "WebApplication2.csproj", "{1E1C5DF6-6ACA-4D8E-B66A-C517497AF649}"
EndProject
Project("{FAE04EC0-301F-11D3-BF4B-00C04F79EFBC}") = "BussinessLogic", "..\BussinessLogic\BussinessLogic.csproj", "{62002993-BC5B-432B-80F2-AF224691848A}"
EndProject
Project("{FAE04EC0-301F-11D3-BF4B-00C04F79EFBC}") = "DataAccess", "..\DataAccess\DataAccess.csproj", "{0137CDD1-6433-479C-9010-6C8386BF1214}"
EndProject
Project("{FAE04EC0-301F-11D3-BF4B-00C04F79EFBC}") = "BussinessObject", "..\BussinessObject\BussinessObject.csproj", "{7C528536-214A-4E26-A18C-EF88DB4548E2}"
EndProject
Global
	GlobalSection(SolutionConfigurationPlatforms) = preSolution
		Debug|Any CPU = Debug|Any CPU
		Release|Any CPU = Release|Any CPU
	EndGlobalSection
	GlobalSection(ProjectConfigurationPlatforms) = postSolution
		{1E1C5DF6-6ACA-4D8E-B66A-C517497AF649}.Debug|Any CPU.ActiveCfg = Debug|Any CPU
		{1E1C5DF6-6ACA-4D8E-B66A-C517497AF649}.Debug|Any CPU.Build.0 = Debug|Any CPU
		{1E1C5DF6-6ACA-4D8E-B66A-C517497AF649}.Release|Any CPU.ActiveCfg = Release|Any CPU
		{1E1C5DF6-6ACA-4D8E-B66A-C517497AF649}.Release|Any CPU.Build.0 = Release|Any CPU
		{62002993-BC5B-432B-80F2-AF224691848A}.Debug|Any CPU.ActiveCfg = Debug|Any CPU
		{62002993-BC5B-432B-80F2-AF224691848A}.Debug|Any CPU.Build.0 = Debug|Any CPU
		{62002993-BC5B-432B-80F2-AF224691848A}.Release|Any CPU.ActiveCfg = Release|Any CPU
		{62002993-BC5B-432B-80F2-AF224691848A}.Release|Any CPU.Build.0 = Release|Any CPU
		{0137CDD1-6433-479C-9010-6C8386BF1214}.Debug|Any CPU.ActiveCfg = Debug|Any CPU
		{0137CDD1-6433-479C-9010-6C8386BF1214}.Debug|Any CPU.Build.0 = Debug|Any CPU
		{0137CDD1-6433-479C-9010-6C8386BF1214}.Release|Any CPU.ActiveCfg = Release|Any CPU
		{0137CDD1-6433-479C-9010-6C8386BF1214}.Release|Any CPU.Build.0 = Release|Any CPU
		{7C528536-214A-4E26-A18C-EF88DB4548E2}.Debug|Any CPU.ActiveCfg = Debug|Any CPU
		{7C528536-214A-4E26-A18C-EF88DB4548E2}.Debug|Any CPU.Build.0 = Debug|Any CPU
		{7C528536-214A-4E26-A18C-EF88DB4548E2}.Release|Any CPU.ActiveCfg = Release|Any CPU
		{7C528536-214A-4E26-A18C-EF88DB4548E2}.Release|Any CPU.Build.0 = Release|Any CPU
	EndGlobalSection
	GlobalSection(SolutionProperties) = preSolution
		HideSolutionNode = FALSE
	EndGlobalSection
	GlobalSection(ExtensibilityGlobals) = postSolution
		SolutionGuid = {F13E7989-4363-4620-B403-D307E6A59897}
	EndGlobalSection
EndGlobal
